
Microsoft Visual Studio Solution File, Format Version 12.00
# Visual Studio 2012
Project("{FAE04EC0-301F-11D3-BF4B-00C04F79EFBC}") = "__NAME__", "__NAME__\__NAME__.csproj", "{5125DCF0-FAD0-412F-B06C-FF4CE289A844}"
EndProject
Project("{FAE04EC0-301F-11D3-BF4B-00C04F79EFBC}") = "__NAME__.Test", "__NAME__.Test\__NAME__.Test.csproj", "{941815E1-B504-4C64-B6E6-4E8C68421516}"
EndProject
Project("{FAE04EC0-301F-11D3-BF4B-00C04F79EFBC}") = "__NAME__.Domain", "__NAME__.Domain\__NAME__.Domain.csproj", "{BAD2F407-CF58-4653-9741-C04B6B103816}"
EndProject
Project("{FAE04EC0-301F-11D3-BF4B-00C04F79EFBC}") = "__NAME__.Data", "__NAME__.Data\__NAME__.Data.csproj", "{D7311402-18A3-4C81-8D24-6447751DA8BF}"
EndProject
Global
	GlobalSection(SolutionConfigurationPlatforms) = preSolution
		Debug|Any CPU = Debug|Any CPU
		Release|Any CPU = Release|Any CPU
	EndGlobalSection
	GlobalSection(ProjectConfigurationPlatforms) = postSolution
		{5125DCF0-FAD0-412F-B06C-FF4CE289A844}.Debug|Any CPU.ActiveCfg = Debug|Any CPU
		{5125DCF0-FAD0-412F-B06C-FF4CE289A844}.Debug|Any CPU.Build.0 = Debug|Any CPU
		{5125DCF0-FAD0-412F-B06C-FF4CE289A844}.Release|Any CPU.ActiveCfg = Release|Any CPU
		{5125DCF0-FAD0-412F-B06C-FF4CE289A844}.Release|Any CPU.Build.0 = Release|Any CPU
		{941815E1-B504-4C64-B6E6-4E8C68421516}.Debug|Any CPU.ActiveCfg = Debug|Any CPU
		{941815E1-B504-4C64-B6E6-4E8C68421516}.Debug|Any CPU.Build.0 = Debug|Any CPU
		{941815E1-B504-4C64-B6E6-4E8C68421516}.Release|Any CPU.ActiveCfg = Release|Any CPU
		{941815E1-B504-4C64-B6E6-4E8C68421516}.Release|Any CPU.Build.0 = Release|Any CPU
		{BAD2F407-CF58-4653-9741-C04B6B103816}.Debug|Any CPU.ActiveCfg = Debug|Any CPU
		{BAD2F407-CF58-4653-9741-C04B6B103816}.Debug|Any CPU.Build.0 = Debug|Any CPU
		{BAD2F407-CF58-4653-9741-C04B6B103816}.Release|Any CPU.ActiveCfg = Release|Any CPU
		{BAD2F407-CF58-4653-9741-C04B6B103816}.Release|Any CPU.Build.0 = Release|Any CPU
		{D7311402-18A3-4C81-8D24-6447751DA8BF}.Debug|Any CPU.ActiveCfg = Debug|Any CPU
		{D7311402-18A3-4C81-8D24-6447751DA8BF}.Debug|Any CPU.Build.0 = Debug|Any CPU
		{D7311402-18A3-4C81-8D24-6447751DA8BF}.Release|Any CPU.ActiveCfg = Release|Any CPU
		{D7311402-18A3-4C81-8D24-6447751DA8BF}.Release|Any CPU.Build.0 = Release|Any CPU
	EndGlobalSection
	GlobalSection(SolutionProperties) = preSolution
		HideSolutionNode = FALSE
	EndGlobalSection
EndGlobal
