
Microsoft Visual Studio Solution File, Format Version 12.00
# Visual Studio 2013
VisualStudioVersion = 12.0.20827.3
MinimumVisualStudioVersion = 10.0.40219.1
Project("{2150E333-8FDC-42A3-9474-1A3956D46DE8}") = "Shared", "Shared", "{5B8E0C50-135B-41EC-BD0A-A7980B549747}"
EndProject
Project("{2150E333-8FDC-42A3-9474-1A3956D46DE8}") = "Common", "Common", "{B54995AE-48FB-4037-A0E0-2B783D14257B}"
EndProject
Project("{2150E333-8FDC-42A3-9474-1A3956D46DE8}") = "__NAME__", "__NAME__", "{B20FD9E4-A77B-4F91-8AB0-A1CC7CA829F8}"
EndProject
Project("{FAE04EC0-301F-11D3-BF4B-00C04F79EFBC}") = "__NS____NAME__", "__NS____NAME__\__NS____NAME__.csproj", "{E2290067-49EA-42D1-BE4D-E26014B73F96}"
EndProject
Project("{FAE04EC0-301F-11D3-BF4B-00C04F79EFBC}") = "__NS__Common", "__NS__Common\__NS__Common.csproj", "{5D5CACCB-AD01-4B15-840C-519341695C98}"
EndProject
Project("{FAE04EC0-301F-11D3-BF4B-00C04F79EFBC}") = "__NS__Shared.Dto", "__NS__Shared.Dto\__NS__Shared.Dto.csproj", "{D163756F-42A6-4B1B-8DC9-935D1D536646}"
EndProject
Project("{FAE04EC0-301F-11D3-BF4B-00C04F79EFBC}") = "__NS__Shared.Domain", "__NS__Shared.Domain\__NS__Shared.Domain.csproj", "{1535C5D4-C76F-4985-91C8-5768AFBE3EA4}"
EndProject
Project("{FAE04EC0-301F-11D3-BF4B-00C04F79EFBC}") = "__NS____NAME__.Tests", "__NS____NAME__.Tests\__NS____NAME__.Tests.csproj", "{F3F79184-0FF2-47CD-85A5-18CE2891F4A0}"
EndProject
Project("{FAE04EC0-301F-11D3-BF4B-00C04F79EFBC}") = "__NS____NAME__.Tests.Integration", "__NS____NAME__.Tests.Integration\__NS____NAME__.Tests.Integration.csproj", "{28B76A5C-EAD8-49F0-8559-C1A550578865}"
EndProject
Project("{FAE04EC0-301F-11D3-BF4B-00C04F79EFBC}") = "__NS____NAME__.Services", "__NS____NAME__.Services\__NS____NAME__.Services.csproj", "{C2E0BAE1-1B99-49F8-89D9-8FCDFF098A38}"
EndProject
Project("{FAE04EC0-301F-11D3-BF4B-00C04F79EFBC}") = "__NS__Shared.Interface", "__NS__Shared.Interface\__NS__Shared.Interface.csproj", "{7A52EDB3-ED9E-4FA5-9A03-7E79B65850C1}"
EndProject
Project("{FAE04EC0-301F-11D3-BF4B-00C04F79EFBC}") = "__NS__Common.Tests", "__NS__Common.Tests\__NS__Common.Tests.csproj", "{7739F557-D7B3-4D9E-8BAE-815151B99432}"
EndProject
Global
	GlobalSection(SolutionConfigurationPlatforms) = preSolution
		Debug|Any CPU = Debug|Any CPU
		Release|Any CPU = Release|Any CPU
	EndGlobalSection
	GlobalSection(ProjectConfigurationPlatforms) = postSolution
		{E2290067-49EA-42D1-BE4D-E26014B73F96}.Debug|Any CPU.ActiveCfg = Debug|Any CPU
		{E2290067-49EA-42D1-BE4D-E26014B73F96}.Debug|Any CPU.Build.0 = Debug|Any CPU
		{E2290067-49EA-42D1-BE4D-E26014B73F96}.Release|Any CPU.ActiveCfg = Release|Any CPU
		{E2290067-49EA-42D1-BE4D-E26014B73F96}.Release|Any CPU.Build.0 = Release|Any CPU
		{5D5CACCB-AD01-4B15-840C-519341695C98}.Debug|Any CPU.ActiveCfg = Debug|Any CPU
		{5D5CACCB-AD01-4B15-840C-519341695C98}.Debug|Any CPU.Build.0 = Debug|Any CPU
		{5D5CACCB-AD01-4B15-840C-519341695C98}.Release|Any CPU.ActiveCfg = Release|Any CPU
		{5D5CACCB-AD01-4B15-840C-519341695C98}.Release|Any CPU.Build.0 = Release|Any CPU
		{D163756F-42A6-4B1B-8DC9-935D1D536646}.Debug|Any CPU.ActiveCfg = Debug|Any CPU
		{D163756F-42A6-4B1B-8DC9-935D1D536646}.Debug|Any CPU.Build.0 = Debug|Any CPU
		{D163756F-42A6-4B1B-8DC9-935D1D536646}.Release|Any CPU.ActiveCfg = Release|Any CPU
		{D163756F-42A6-4B1B-8DC9-935D1D536646}.Release|Any CPU.Build.0 = Release|Any CPU
		{1535C5D4-C76F-4985-91C8-5768AFBE3EA4}.Debug|Any CPU.ActiveCfg = Debug|Any CPU
		{1535C5D4-C76F-4985-91C8-5768AFBE3EA4}.Debug|Any CPU.Build.0 = Debug|Any CPU
		{1535C5D4-C76F-4985-91C8-5768AFBE3EA4}.Release|Any CPU.ActiveCfg = Release|Any CPU
		{1535C5D4-C76F-4985-91C8-5768AFBE3EA4}.Release|Any CPU.Build.0 = Release|Any CPU
		{F3F79184-0FF2-47CD-85A5-18CE2891F4A0}.Debug|Any CPU.ActiveCfg = Debug|Any CPU
		{F3F79184-0FF2-47CD-85A5-18CE2891F4A0}.Debug|Any CPU.Build.0 = Debug|Any CPU
		{F3F79184-0FF2-47CD-85A5-18CE2891F4A0}.Release|Any CPU.ActiveCfg = Release|Any CPU
		{F3F79184-0FF2-47CD-85A5-18CE2891F4A0}.Release|Any CPU.Build.0 = Release|Any CPU
		{28B76A5C-EAD8-49F0-8559-C1A550578865}.Debug|Any CPU.ActiveCfg = Debug|Any CPU
		{28B76A5C-EAD8-49F0-8559-C1A550578865}.Debug|Any CPU.Build.0 = Debug|Any CPU
		{28B76A5C-EAD8-49F0-8559-C1A550578865}.Release|Any CPU.ActiveCfg = Release|Any CPU
		{28B76A5C-EAD8-49F0-8559-C1A550578865}.Release|Any CPU.Build.0 = Release|Any CPU
		{C2E0BAE1-1B99-49F8-89D9-8FCDFF098A38}.Debug|Any CPU.ActiveCfg = Debug|Any CPU
		{C2E0BAE1-1B99-49F8-89D9-8FCDFF098A38}.Debug|Any CPU.Build.0 = Debug|Any CPU
		{C2E0BAE1-1B99-49F8-89D9-8FCDFF098A38}.Release|Any CPU.ActiveCfg = Release|Any CPU
		{C2E0BAE1-1B99-49F8-89D9-8FCDFF098A38}.Release|Any CPU.Build.0 = Release|Any CPU
		{7A52EDB3-ED9E-4FA5-9A03-7E79B65850C1}.Debug|Any CPU.ActiveCfg = Debug|Any CPU
		{7A52EDB3-ED9E-4FA5-9A03-7E79B65850C1}.Debug|Any CPU.Build.0 = Debug|Any CPU
		{7A52EDB3-ED9E-4FA5-9A03-7E79B65850C1}.Release|Any CPU.ActiveCfg = Release|Any CPU
		{7A52EDB3-ED9E-4FA5-9A03-7E79B65850C1}.Release|Any CPU.Build.0 = Release|Any CPU
		{7739F557-D7B3-4D9E-8BAE-815151B99432}.Debug|Any CPU.ActiveCfg = Debug|Any CPU
		{7739F557-D7B3-4D9E-8BAE-815151B99432}.Debug|Any CPU.Build.0 = Debug|Any CPU
		{7739F557-D7B3-4D9E-8BAE-815151B99432}.Release|Any CPU.ActiveCfg = Release|Any CPU
		{7739F557-D7B3-4D9E-8BAE-815151B99432}.Release|Any CPU.Build.0 = Release|Any CPU
	EndGlobalSection
	GlobalSection(SolutionProperties) = preSolution
		HideSolutionNode = FALSE
	EndGlobalSection
	GlobalSection(NestedProjects) = preSolution
		{D163756F-42A6-4B1B-8DC9-935D1D536646} = {5B8E0C50-135B-41EC-BD0A-A7980B549747}
		{1535C5D4-C76F-4985-91C8-5768AFBE3EA4} = {5B8E0C50-135B-41EC-BD0A-A7980B549747}
		{7A52EDB3-ED9E-4FA5-9A03-7E79B65850C1} = {5B8E0C50-135B-41EC-BD0A-A7980B549747}
		{5D5CACCB-AD01-4B15-840C-519341695C98} = {B54995AE-48FB-4037-A0E0-2B783D14257B}
		{7739F557-D7B3-4D9E-8BAE-815151B99432} = {B54995AE-48FB-4037-A0E0-2B783D14257B}
		{E2290067-49EA-42D1-BE4D-E26014B73F96} = {B20FD9E4-A77B-4F91-8AB0-A1CC7CA829F8}
		{F3F79184-0FF2-47CD-85A5-18CE2891F4A0} = {B20FD9E4-A77B-4F91-8AB0-A1CC7CA829F8}
		{28B76A5C-EAD8-49F0-8559-C1A550578865} = {B20FD9E4-A77B-4F91-8AB0-A1CC7CA829F8}
		{C2E0BAE1-1B99-49F8-89D9-8FCDFF098A38} = {B20FD9E4-A77B-4F91-8AB0-A1CC7CA829F8}
	EndGlobalSection
EndGlobal
